{
  "version": 1,
  "dependencies": {
    ".NETCoreApp,Version=v5.0": {
      "Dapper": {
        "type": "Direct",
        "requested": "[2.0.78, )",
        "resolved": "2.0.78",
        "contentHash": "vLPwL2HZXp/DN17Eu7sg6GMEj02alq7jcy6atn5Gv8i96b9Hu1UoxlCrhInUPfSFLQQiD8O7pdWAE1fdUEO/1Q=="
      },
      "FSharp.Core": {
        "type": "Direct",
        "requested": "[5.0.0, )",
        "resolved": "5.0.0",
        "contentHash": "iHoYXA0VaSQUONGENB1aVafjDDZDZpwu39MtaRCTrmwFW/cTcK0b2yKNVYneFHJMc3ChtsSoM9lNtJ1dYXkHfA=="
      },
      "FSharpPlus": {
        "type": "Direct",
        "requested": "[1.1.7, )",
        "resolved": "1.1.7",
        "contentHash": "Vd4zY/8MiHNh+H9Ayccoij+56Fmf8FvdOxZjvg6TY68hJB5twJ07Hk2QyJ/HGqH25jkP6eX0pRlri4bv8Ydkgg==",
        "dependencies": {
          "FSharp.Core": "4.6.2"
        }
      },
      "FsToolkit.ErrorHandling": {
        "type": "Direct",
        "requested": "[2.1.2, )",
        "resolved": "2.1.2",
        "contentHash": "8hCWvZrnlzkq7XZ4dIkhUCX15Mxxgk7tWxxlQQQg4A2L1oic6smtdunsTqEMgS2mWoUmOQqjVYIzs9WkK6vYBQ==",
        "dependencies": {
          "FSharp.Core": "4.6.2"
        }
      },
      "MediatR": {
        "type": "Direct",
        "requested": "[9.0.0, )",
        "resolved": "9.0.0",
        "contentHash": "8b3UYNxegHVYcJMG2zH8wn+YqxLvXG+eMfj0cMCq/jTW72p6O3PCKMkrIv0mqyxdW7bA4gblsocw7n+/9Akg5g=="
      },
      "NServiceBus": {
        "type": "Direct",
        "requested": "[7.5.0, )",
        "resolved": "7.5.0",
        "contentHash": "0jxpgT7nGxyojjDjiZyntgCXH3YgIRag0PlwazKG3He9TjFhAr2+FvtHeUiylzvDpTaEbhtMY1RUbawGwHPMyA==",
        "dependencies": {
          "System.Reflection.Emit": "4.7.0",
          "System.Reflection.Emit.Lightweight": "4.7.0",
          "System.Reflection.Metadata": "1.8.1",
          "System.Security.Cryptography.Xml": "4.7.0"
        }
      },
      "System.Data.SqlClient": {
        "type": "Direct",
        "requested": "[4.6.0, )",
        "resolved": "4.6.0",
        "contentHash": "gwItUWW1BMCckicFO85c8frFaMK8SGqYn5IeA3GSX4Lmid+CjXETfoHz7Uv+Vx6L0No7iRc/7cBL8gd6o9k9/g==",
        "dependencies": {
          "Microsoft.Win32.Registry": "4.5.0",
          "System.Security.Principal.Windows": "4.5.0",
          "System.Text.Encoding.CodePages": "4.5.0",
          "runtime.native.System.Data.SqlClient.sni": "4.5.0"
        }
      },
      "Microsoft.NETCore.Platforms": {
        "type": "Transitive",
        "resolved": "3.1.0",
        "contentHash": "z7aeg8oHln2CuNulfhiLYxCVMPEwBl3rzicjvIX+4sUuCwvXw5oXQEtbiU2c0z4qYL5L3Kmx0mMA/+t/SbY67w=="
      },
      "Microsoft.Win32.Registry": {
        "type": "Transitive",
        "resolved": "4.5.0",
        "contentHash": "+FWlwd//+Tt56316p00hVePBCouXyEzT86Jb3+AuRotTND0IYn0OO3obs1gnQEs/txEnt+rF2JBGLItTG+Be6A==",
        "dependencies": {
          "System.Security.AccessControl": "4.5.0",
          "System.Security.Principal.Windows": "4.5.0"
        }
      },
      "Microsoft.Win32.SystemEvents": {
        "type": "Transitive",
        "resolved": "4.7.0",
        "contentHash": "mtVirZr++rq+XCDITMUdnETD59XoeMxSpLRIII7JRI6Yj0LEDiO1pPn0ktlnIj12Ix8bfvQqQDMMIF9wC98oCA==",
        "dependencies": {
          "Microsoft.NETCore.Platforms": "3.1.0"
        }
      },
      "runtime.native.System.Data.SqlClient.sni": {
        "type": "Transitive",
        "resolved": "4.5.0",
        "contentHash": "AJfX7owAAkMjWQYhoml5IBfXh8UyYPjktn8pK0BFGAdKgBS7HqMz1fw5vdzfZUWfhtTPDGCjgNttt46ZyEmSjg==",
        "dependencies": {
          "runtime.win-arm64.runtime.native.System.Data.SqlClient.sni": "4.4.0",
          "runtime.win-x64.runtime.native.System.Data.SqlClient.sni": "4.4.0",
          "runtime.win-x86.runtime.native.System.Data.SqlClient.sni": "4.4.0"
        }
      },
      "runtime.win-arm64.runtime.native.System.Data.SqlClient.sni": {
        "type": "Transitive",
        "resolved": "4.4.0",
        "contentHash": "LbrynESTp3bm5O/+jGL8v0Qg5SJlTV08lpIpFesXjF6uGNMWqFnUQbYBJwZTeua6E/Y7FIM1C54Ey1btLWupdg=="
      },
      "runtime.win-x64.runtime.native.System.Data.SqlClient.sni": {
        "type": "Transitive",
        "resolved": "4.4.0",
        "contentHash": "38ugOfkYJqJoX9g6EYRlZB5U2ZJH51UP8ptxZgdpS07FgOEToV+lS11ouNK2PM12Pr6X/PpT5jK82G3DwH/SxQ=="
      },
      "runtime.win-x86.runtime.native.System.Data.SqlClient.sni": {
        "type": "Transitive",
        "resolved": "4.4.0",
        "contentHash": "YhEdSQUsTx+C8m8Bw7ar5/VesXvCFMItyZF7G1AUY+OM0VPZUOeAVpJ4Wl6fydBGUYZxojTDR3I6Bj/+BPkJNA=="
      },
      "System.Drawing.Common": {
        "type": "Transitive",
        "resolved": "4.7.0",
        "contentHash": "v+XbyYHaZjDfn0ENmJEV1VYLgGgCTx1gnfOBcppowbpOAriglYgGCvFCPr2EEZyBvXlpxbEsTwkOlInl107ahA==",
        "dependencies": {
          "Microsoft.NETCore.Platforms": "3.1.0",
          "Microsoft.Win32.SystemEvents": "4.7.0"
        }
      },
      "System.Reflection.Emit": {
        "type": "Transitive",
        "resolved": "4.7.0",
        "contentHash": "VR4kk8XLKebQ4MZuKuIni/7oh+QGFmZW3qORd1GvBq/8026OpW501SzT/oypwiQl4TvT8ErnReh/NzY9u+C6wQ=="
      },
      "System.Reflection.Emit.Lightweight": {
        "type": "Transitive",
        "resolved": "4.7.0",
        "contentHash": "a4OLB4IITxAXJeV74MDx49Oq2+PsF6Sml54XAFv+2RyWwtDBcabzoxiiJRhdhx+gaohLh4hEGCLQyBozXoQPqA=="
      },
      "System.Reflection.Metadata": {
        "type": "Transitive",
        "resolved": "1.8.1",
        "contentHash": "1wrPLtYQFUGTsl9OqPzdzmMRdQvo3PRK38y+4rCHG0f6iyvSYwNXVr0orMvsu2orOIiVbk6MMckINI1g54ZvfA=="
      },
      "System.Runtime.CompilerServices.Unsafe": {
        "type": "Transitive",
        "resolved": "4.5.0",
        "contentHash": "YrzNWduCDHhUaSRBxHxL11UkM2fD6y8hITHis4/LbQZ6vj3vdRjoH3IoPWWC9uDXK2wHIqn+b5gv1Np/VKyM1g=="
      },
      "System.Security.AccessControl": {
        "type": "Transitive",
        "resolved": "4.7.0",
        "contentHash": "JECvTt5aFF3WT3gHpfofL2MNNP6v84sxtXxpqhLBCcDRzqsPBmHhQ6shv4DwwN2tRlzsUxtb3G9M3763rbXKDg==",
        "dependencies": {
          "Microsoft.NETCore.Platforms": "3.1.0",
          "System.Security.Principal.Windows": "4.7.0"
        }
      },
      "System.Security.Cryptography.Cng": {
        "type": "Transitive",
        "resolved": "4.7.0",
        "contentHash": "4WQjFuypWtxb/bl/YwEE7LYGn4fgpsikFfBU6xwEm4YBYiRAhXAEJ62lILBu2JJSFbClIAntFTGfDZafn8yZTg=="
      },
      "System.Security.Cryptography.Pkcs": {
        "type": "Transitive",
        "resolved": "4.7.0",
        "contentHash": "0Srzh6YlhjuMxaqMyeCCdZs22cucaUAG6SKDd3gNHBJmre0VZ71ekzWu9rvLD4YXPetyNdPvV6Qst+8C++9v3Q==",
        "dependencies": {
          "System.Security.Cryptography.Cng": "4.7.0"
        }
      },
      "System.Security.Cryptography.Xml": {
        "type": "Transitive",
        "resolved": "4.7.0",
        "contentHash": "B6pAyxMvXGbZemb+ER877KSr6OKis+qAdxhhKKK36I6sgj2js8mbcEVviZEHYV8XRTWjbKsAq8Z/zoaegA30dA==",
        "dependencies": {
          "System.Security.Cryptography.Pkcs": "4.7.0",
          "System.Security.Permissions": "4.7.0"
        }
      },
      "System.Security.Permissions": {
        "type": "Transitive",
        "resolved": "4.7.0",
        "contentHash": "dkOV6YYVBnYRa15/yv004eCGRBVADXw8qRbbNiCn/XpdJSUXkkUeIvdvFHkvnko4CdKMqG8yRHC4ox83LSlMsQ==",
        "dependencies": {
          "System.Security.AccessControl": "4.7.0",
          "System.Windows.Extensions": "4.7.0"
        }
      },
      "System.Security.Principal.Windows": {
        "type": "Transitive",
        "resolved": "4.7.0",
        "contentHash": "ojD0PX0XhneCsUbAZVKdb7h/70vyYMDYs85lwEI+LngEONe/17A0cFaRFqZU+sOEidcVswYWikYOQ9PPfjlbtQ=="
      },
      "System.Text.Encoding.CodePages": {
        "type": "Transitive",
        "resolved": "4.5.0",
        "contentHash": "S0wEUiKcLvRlkFUXca8uio1UQ5bYQzYgOmOKtCqaBQC3GR9AJjh43otcM32IGsAyvadFTaAMw9Irm6dS4Evfng==",
        "dependencies": {
          "Microsoft.NETCore.Platforms": "2.0.0",
          "System.Runtime.CompilerServices.Unsafe": "4.5.0"
        }
      },
      "System.Windows.Extensions": {
        "type": "Transitive",
        "resolved": "4.7.0",
        "contentHash": "CeWTdRNfRaSh0pm2gDTJFwVaXfTq6Xwv/sA887iwPTneW7oMtMlpvDIO+U60+3GWTB7Aom6oQwv5VZVUhQRdPQ==",
        "dependencies": {
          "System.Drawing.Common": "4.7.0"
        }
      },
      "companyname.mymeetings.buildingblocks.domain": {
        "type": "Project",
        "dependencies": {
          "FSharp.Core": "5.0.0"
        }
      },
      "companyname.mymeetings.modules.meetings.domain": {
        "type": "Project",
        "dependencies": {
          "CompanyName.MyMeetings.BuildingBlocks.Domain": "1.0.0",
          "FSharp.Core": "5.0.0",
          "FSharpPlus": "1.1.7",
          "FsToolkit.ErrorHandling": "2.1.2"
        }
      },
      "companyname.mymeetings.modules.meetings.internalevents": {
        "type": "Project",
        "dependencies": {
          "FSharp.Core": "5.0.0",
          "FsToolkit.ErrorHandling": "2.11.1",
          "MediatR": "9.0.0",
          "NServiceBus": "7.5.0"
        }
      }
    }
  }
}