
Microsoft Visual Studio Solution File, Format Version 12.00
# Visual Studio 15
VisualStudioVersion = 15.0.26124.0
MinimumVisualStudioVersion = 15.0.26124.0
Project("{2150E333-8FDC-42A3-9474-1A3956D46DE8}") = "Modules", "Modules", "{CEC83FCF-2672-4003-BDA2-191BDEFA8253}"
EndProject
Project("{2150E333-8FDC-42A3-9474-1A3956D46DE8}") = "Meetings", "Meetings", "{CD20DF06-217A-48F7-A0B9-E814DABE9A42}"
EndProject
Project("{F2A71F9B-5D33-465A-A702-920D77279786}") = "CompanyName.MyMeetings.Modules.Meetings.Domain", "Modules\Meetings\Domain\CompanyName.MyMeetings.Modules.Meetings.Domain.fsproj", "{233E0A8E-1247-4591-B55C-CAF8CF7475CC}"
EndProject
Project("{2150E333-8FDC-42A3-9474-1A3956D46DE8}") = "Tests", "Tests", "{D43548A5-1A2A-4B79-8B01-8AC2C4B38B1F}"
EndProject
Project("{2150E333-8FDC-42A3-9474-1A3956D46DE8}") = "UnitTests", "UnitTests", "{8F32A7BF-22CD-45FC-9C4F-5237510D8BE4}"
EndProject
Project("{F2A71F9B-5D33-465A-A702-920D77279786}") = "CompanyName.MyMeetings.Modules.Meetings.Domain.UnitTests", "Modules\Meetings\Tests\UnitTests\domain\CompanyName.MyMeetings.Modules.Meetings.Domain.UnitTests.fsproj", "{53B6F6CE-DD28-4052-A7CD-11F418DC357C}"
EndProject
Project("{2150E333-8FDC-42A3-9474-1A3956D46DE8}") = "Api", "Api", "{44161F2E-B72D-470F-8BC6-65ADDF4F51C6}"
EndProject
Project("{2150E333-8FDC-42A3-9474-1A3956D46DE8}") = "Tests", "Tests", "{31C2BAC1-2B32-4B83-B9C5-FBE668F2002B}"
EndProject
Project("{F2A71F9B-5D33-465A-A702-920D77279786}") = "CompanyName.MyMeetings.Api.IntegrationTests", "Api\Tests\IntegrationTests\CompanyName.MyMeetings.Api.IntegrationTests.fsproj", "{5014D123-60A7-4911-9B22-10A226528632}"
EndProject
Project("{F2A71F9B-5D33-465A-A702-920D77279786}") = "CompanyName.MyMeetings.Api", "Api\AppApi\CompanyName.MyMeetings.Api.fsproj", "{5FE02817-B25C-4D21-AE93-CEA4405DABF6}"
EndProject
Project("{F2A71F9B-5D33-465A-A702-920D77279786}") = "CompanyName.MyMeetings.Modules.Meetings.Infrastructure", "Modules\Meetings\Infrastructure\CompanyName.MyMeetings.Modules.Meetings.Infrastructure.fsproj", "{2220C1FF-79CC-44E9-808E-4874AC8011D4}"
EndProject
Project("{F2A71F9B-5D33-465A-A702-920D77279786}") = "CompanyName.MyMeetings.Modules.Meetings.Application", "Modules\Meetings\Application\CompanyName.MyMeetings.Modules.Meetings.Application.fsproj", "{8059BC39-4E56-4895-ACC2-79A7FC93F80D}"
EndProject
Project("{2150E333-8FDC-42A3-9474-1A3956D46DE8}") = "Database", "Database", "{8D3DEA3A-D952-4BF1-ADAB-C0C5B48F792B}"
EndProject
Project("{FAE04EC0-301F-11D3-BF4B-00C04F79EFBC}") = "CompanyName.MyMeetings.Database", "Database\CompanyName.MyMeetings.Database\CompanyName.MyMeetings.Database.csproj", "{33FE1F2A-CFA5-46DF-B3F4-251E86BAC736}"
EndProject
Project("{FAE04EC0-301F-11D3-BF4B-00C04F79EFBC}") = "DatabaseMigrator", "Database\DatabaseMigrator\DatabaseMigrator.csproj", "{7D80432A-BB34-4084-A10B-90618AE2E0C9}"
EndProject
Project("{2150E333-8FDC-42A3-9474-1A3956D46DE8}") = "Web", "Web", "{7ED2F4D5-701F-4E7B-AA17-84B01EFFF66F}"
EndProject
Project("{F2A71F9B-5D33-465A-A702-920D77279786}") = "CompanyName.MyMeetings.Web", "Web\src\CompanyName.MyMeetings.Web.fsproj", "{64093EF7-E007-4094-82BE-F9833E3F8312}"
EndProject
Project("{2150E333-8FDC-42A3-9474-1A3956D46DE8}") = "Tests", "Tests", "{43AC2D62-7582-4F91-83C9-A20E9EBDAED7}"
EndProject
Project("{F2A71F9B-5D33-465A-A702-920D77279786}") = "CompanyName.MyMeetings.Web.UnitTests", "Web\tests\unit\CompanyName.MyMeetings.Web.UnitTests.fsproj", "{EAA8957F-F1B8-4B48-AF41-E0CF05D3034E}"
EndProject
Project("{F2A71F9B-5D33-465A-A702-920D77279786}") = "CompanyName.MyMeetings.Web.IntegrationTests", "Web\tests\integration\CompanyName.MyMeetings.Web.IntegrationTests.fsproj", "{1673E6A4-ED93-48E0-BC05-745651BF6C32}"
EndProject
Project("{2150E333-8FDC-42A3-9474-1A3956D46DE8}") = "BuildingBlocks", "BuildingBlocks", "{0F4855B5-2A4C-40A3-A5C3-486F051D3DEB}"
EndProject
Project("{2150E333-8FDC-42A3-9474-1A3956D46DE8}") = "Domain", "Domain", "{7C2E4755-C2D2-4603-BC22-863FD76BDF8D}"
EndProject
Project("{F2A71F9B-5D33-465A-A702-920D77279786}") = "CompanyName.MyMeetings.BuildingBlocks.Domain", "BuildingBlocks\Domain\CompanyName.MyMeetings.BuildingBlocks.Domain\CompanyName.MyMeetings.BuildingBlocks.Domain.fsproj", "{9937E219-AEC5-415E-9CE6-6986141367F8}"
EndProject
Global
	GlobalSection(SolutionConfigurationPlatforms) = preSolution
		Debug|Any CPU = Debug|Any CPU
		Debug|x64 = Debug|x64
		Debug|x86 = Debug|x86
		Release|Any CPU = Release|Any CPU
		Release|x64 = Release|x64
		Release|x86 = Release|x86
	EndGlobalSection
	GlobalSection(SolutionProperties) = preSolution
		HideSolutionNode = FALSE
	EndGlobalSection
	GlobalSection(ProjectConfigurationPlatforms) = postSolution
		{233E0A8E-1247-4591-B55C-CAF8CF7475CC}.Debug|Any CPU.ActiveCfg = Debug|Any CPU
		{233E0A8E-1247-4591-B55C-CAF8CF7475CC}.Debug|Any CPU.Build.0 = Debug|Any CPU
		{233E0A8E-1247-4591-B55C-CAF8CF7475CC}.Debug|x64.ActiveCfg = Debug|Any CPU
		{233E0A8E-1247-4591-B55C-CAF8CF7475CC}.Debug|x64.Build.0 = Debug|Any CPU
		{233E0A8E-1247-4591-B55C-CAF8CF7475CC}.Debug|x86.ActiveCfg = Debug|Any CPU
		{233E0A8E-1247-4591-B55C-CAF8CF7475CC}.Debug|x86.Build.0 = Debug|Any CPU
		{233E0A8E-1247-4591-B55C-CAF8CF7475CC}.Release|Any CPU.ActiveCfg = Release|Any CPU
		{233E0A8E-1247-4591-B55C-CAF8CF7475CC}.Release|Any CPU.Build.0 = Release|Any CPU
		{233E0A8E-1247-4591-B55C-CAF8CF7475CC}.Release|x64.ActiveCfg = Release|Any CPU
		{233E0A8E-1247-4591-B55C-CAF8CF7475CC}.Release|x64.Build.0 = Release|Any CPU
		{233E0A8E-1247-4591-B55C-CAF8CF7475CC}.Release|x86.ActiveCfg = Release|Any CPU
		{233E0A8E-1247-4591-B55C-CAF8CF7475CC}.Release|x86.Build.0 = Release|Any CPU
		{53B6F6CE-DD28-4052-A7CD-11F418DC357C}.Debug|Any CPU.ActiveCfg = Debug|Any CPU
		{53B6F6CE-DD28-4052-A7CD-11F418DC357C}.Debug|Any CPU.Build.0 = Debug|Any CPU
		{53B6F6CE-DD28-4052-A7CD-11F418DC357C}.Debug|x64.ActiveCfg = Debug|Any CPU
		{53B6F6CE-DD28-4052-A7CD-11F418DC357C}.Debug|x64.Build.0 = Debug|Any CPU
		{53B6F6CE-DD28-4052-A7CD-11F418DC357C}.Debug|x86.ActiveCfg = Debug|Any CPU
		{53B6F6CE-DD28-4052-A7CD-11F418DC357C}.Debug|x86.Build.0 = Debug|Any CPU
		{53B6F6CE-DD28-4052-A7CD-11F418DC357C}.Release|Any CPU.ActiveCfg = Release|Any CPU
		{53B6F6CE-DD28-4052-A7CD-11F418DC357C}.Release|Any CPU.Build.0 = Release|Any CPU
		{53B6F6CE-DD28-4052-A7CD-11F418DC357C}.Release|x64.ActiveCfg = Release|Any CPU
		{53B6F6CE-DD28-4052-A7CD-11F418DC357C}.Release|x64.Build.0 = Release|Any CPU
		{53B6F6CE-DD28-4052-A7CD-11F418DC357C}.Release|x86.ActiveCfg = Release|Any CPU
		{53B6F6CE-DD28-4052-A7CD-11F418DC357C}.Release|x86.Build.0 = Release|Any CPU
		{5014D123-60A7-4911-9B22-10A226528632}.Debug|Any CPU.ActiveCfg = Debug|Any CPU
		{5014D123-60A7-4911-9B22-10A226528632}.Debug|Any CPU.Build.0 = Debug|Any CPU
		{5014D123-60A7-4911-9B22-10A226528632}.Debug|x64.ActiveCfg = Debug|Any CPU
		{5014D123-60A7-4911-9B22-10A226528632}.Debug|x64.Build.0 = Debug|Any CPU
		{5014D123-60A7-4911-9B22-10A226528632}.Debug|x86.ActiveCfg = Debug|Any CPU
		{5014D123-60A7-4911-9B22-10A226528632}.Debug|x86.Build.0 = Debug|Any CPU
		{5014D123-60A7-4911-9B22-10A226528632}.Release|Any CPU.ActiveCfg = Release|Any CPU
		{5014D123-60A7-4911-9B22-10A226528632}.Release|Any CPU.Build.0 = Release|Any CPU
		{5014D123-60A7-4911-9B22-10A226528632}.Release|x64.ActiveCfg = Release|Any CPU
		{5014D123-60A7-4911-9B22-10A226528632}.Release|x64.Build.0 = Release|Any CPU
		{5014D123-60A7-4911-9B22-10A226528632}.Release|x86.ActiveCfg = Release|Any CPU
		{5014D123-60A7-4911-9B22-10A226528632}.Release|x86.Build.0 = Release|Any CPU
		{5FE02817-B25C-4D21-AE93-CEA4405DABF6}.Debug|Any CPU.ActiveCfg = Debug|Any CPU
		{5FE02817-B25C-4D21-AE93-CEA4405DABF6}.Debug|Any CPU.Build.0 = Debug|Any CPU
		{5FE02817-B25C-4D21-AE93-CEA4405DABF6}.Debug|x64.ActiveCfg = Debug|Any CPU
		{5FE02817-B25C-4D21-AE93-CEA4405DABF6}.Debug|x64.Build.0 = Debug|Any CPU
		{5FE02817-B25C-4D21-AE93-CEA4405DABF6}.Debug|x86.ActiveCfg = Debug|Any CPU
		{5FE02817-B25C-4D21-AE93-CEA4405DABF6}.Debug|x86.Build.0 = Debug|Any CPU
		{5FE02817-B25C-4D21-AE93-CEA4405DABF6}.Release|Any CPU.ActiveCfg = Release|Any CPU
		{5FE02817-B25C-4D21-AE93-CEA4405DABF6}.Release|Any CPU.Build.0 = Release|Any CPU
		{5FE02817-B25C-4D21-AE93-CEA4405DABF6}.Release|x64.ActiveCfg = Release|Any CPU
		{5FE02817-B25C-4D21-AE93-CEA4405DABF6}.Release|x64.Build.0 = Release|Any CPU
		{5FE02817-B25C-4D21-AE93-CEA4405DABF6}.Release|x86.ActiveCfg = Release|Any CPU
		{5FE02817-B25C-4D21-AE93-CEA4405DABF6}.Release|x86.Build.0 = Release|Any CPU
		{2220C1FF-79CC-44E9-808E-4874AC8011D4}.Debug|Any CPU.ActiveCfg = Debug|Any CPU
		{2220C1FF-79CC-44E9-808E-4874AC8011D4}.Debug|Any CPU.Build.0 = Debug|Any CPU
		{2220C1FF-79CC-44E9-808E-4874AC8011D4}.Debug|x64.ActiveCfg = Debug|Any CPU
		{2220C1FF-79CC-44E9-808E-4874AC8011D4}.Debug|x64.Build.0 = Debug|Any CPU
		{2220C1FF-79CC-44E9-808E-4874AC8011D4}.Debug|x86.ActiveCfg = Debug|Any CPU
		{2220C1FF-79CC-44E9-808E-4874AC8011D4}.Debug|x86.Build.0 = Debug|Any CPU
		{2220C1FF-79CC-44E9-808E-4874AC8011D4}.Release|Any CPU.ActiveCfg = Release|Any CPU
		{2220C1FF-79CC-44E9-808E-4874AC8011D4}.Release|Any CPU.Build.0 = Release|Any CPU
		{2220C1FF-79CC-44E9-808E-4874AC8011D4}.Release|x64.ActiveCfg = Release|Any CPU
		{2220C1FF-79CC-44E9-808E-4874AC8011D4}.Release|x64.Build.0 = Release|Any CPU
		{2220C1FF-79CC-44E9-808E-4874AC8011D4}.Release|x86.ActiveCfg = Release|Any CPU
		{2220C1FF-79CC-44E9-808E-4874AC8011D4}.Release|x86.Build.0 = Release|Any CPU
		{8059BC39-4E56-4895-ACC2-79A7FC93F80D}.Debug|Any CPU.ActiveCfg = Debug|Any CPU
		{8059BC39-4E56-4895-ACC2-79A7FC93F80D}.Debug|Any CPU.Build.0 = Debug|Any CPU
		{8059BC39-4E56-4895-ACC2-79A7FC93F80D}.Debug|x64.ActiveCfg = Debug|Any CPU
		{8059BC39-4E56-4895-ACC2-79A7FC93F80D}.Debug|x64.Build.0 = Debug|Any CPU
		{8059BC39-4E56-4895-ACC2-79A7FC93F80D}.Debug|x86.ActiveCfg = Debug|Any CPU
		{8059BC39-4E56-4895-ACC2-79A7FC93F80D}.Debug|x86.Build.0 = Debug|Any CPU
		{8059BC39-4E56-4895-ACC2-79A7FC93F80D}.Release|Any CPU.ActiveCfg = Release|Any CPU
		{8059BC39-4E56-4895-ACC2-79A7FC93F80D}.Release|Any CPU.Build.0 = Release|Any CPU
		{8059BC39-4E56-4895-ACC2-79A7FC93F80D}.Release|x64.ActiveCfg = Release|Any CPU
		{8059BC39-4E56-4895-ACC2-79A7FC93F80D}.Release|x64.Build.0 = Release|Any CPU
		{8059BC39-4E56-4895-ACC2-79A7FC93F80D}.Release|x86.ActiveCfg = Release|Any CPU
		{8059BC39-4E56-4895-ACC2-79A7FC93F80D}.Release|x86.Build.0 = Release|Any CPU
		{33FE1F2A-CFA5-46DF-B3F4-251E86BAC736}.Debug|Any CPU.ActiveCfg = Debug|Any CPU
		{33FE1F2A-CFA5-46DF-B3F4-251E86BAC736}.Debug|Any CPU.Build.0 = Debug|Any CPU
		{33FE1F2A-CFA5-46DF-B3F4-251E86BAC736}.Debug|x64.ActiveCfg = Debug|Any CPU
		{33FE1F2A-CFA5-46DF-B3F4-251E86BAC736}.Debug|x64.Build.0 = Debug|Any CPU
		{33FE1F2A-CFA5-46DF-B3F4-251E86BAC736}.Debug|x86.ActiveCfg = Debug|Any CPU
		{33FE1F2A-CFA5-46DF-B3F4-251E86BAC736}.Debug|x86.Build.0 = Debug|Any CPU
		{33FE1F2A-CFA5-46DF-B3F4-251E86BAC736}.Release|Any CPU.ActiveCfg = Release|Any CPU
		{33FE1F2A-CFA5-46DF-B3F4-251E86BAC736}.Release|Any CPU.Build.0 = Release|Any CPU
		{33FE1F2A-CFA5-46DF-B3F4-251E86BAC736}.Release|x64.ActiveCfg = Release|Any CPU
		{33FE1F2A-CFA5-46DF-B3F4-251E86BAC736}.Release|x64.Build.0 = Release|Any CPU
		{33FE1F2A-CFA5-46DF-B3F4-251E86BAC736}.Release|x86.ActiveCfg = Release|Any CPU
		{33FE1F2A-CFA5-46DF-B3F4-251E86BAC736}.Release|x86.Build.0 = Release|Any CPU
		{7D80432A-BB34-4084-A10B-90618AE2E0C9}.Debug|Any CPU.ActiveCfg = Debug|Any CPU
		{7D80432A-BB34-4084-A10B-90618AE2E0C9}.Debug|Any CPU.Build.0 = Debug|Any CPU
		{7D80432A-BB34-4084-A10B-90618AE2E0C9}.Debug|x64.ActiveCfg = Debug|Any CPU
		{7D80432A-BB34-4084-A10B-90618AE2E0C9}.Debug|x64.Build.0 = Debug|Any CPU
		{7D80432A-BB34-4084-A10B-90618AE2E0C9}.Debug|x86.ActiveCfg = Debug|Any CPU
		{7D80432A-BB34-4084-A10B-90618AE2E0C9}.Debug|x86.Build.0 = Debug|Any CPU
		{7D80432A-BB34-4084-A10B-90618AE2E0C9}.Release|Any CPU.ActiveCfg = Release|Any CPU
		{7D80432A-BB34-4084-A10B-90618AE2E0C9}.Release|Any CPU.Build.0 = Release|Any CPU
		{7D80432A-BB34-4084-A10B-90618AE2E0C9}.Release|x64.ActiveCfg = Release|Any CPU
		{7D80432A-BB34-4084-A10B-90618AE2E0C9}.Release|x64.Build.0 = Release|Any CPU
		{7D80432A-BB34-4084-A10B-90618AE2E0C9}.Release|x86.ActiveCfg = Release|Any CPU
		{7D80432A-BB34-4084-A10B-90618AE2E0C9}.Release|x86.Build.0 = Release|Any CPU
		{64093EF7-E007-4094-82BE-F9833E3F8312}.Debug|Any CPU.ActiveCfg = Debug|Any CPU
		{64093EF7-E007-4094-82BE-F9833E3F8312}.Debug|Any CPU.Build.0 = Debug|Any CPU
		{64093EF7-E007-4094-82BE-F9833E3F8312}.Debug|x64.ActiveCfg = Debug|Any CPU
		{64093EF7-E007-4094-82BE-F9833E3F8312}.Debug|x64.Build.0 = Debug|Any CPU
		{64093EF7-E007-4094-82BE-F9833E3F8312}.Debug|x86.ActiveCfg = Debug|Any CPU
		{64093EF7-E007-4094-82BE-F9833E3F8312}.Debug|x86.Build.0 = Debug|Any CPU
		{64093EF7-E007-4094-82BE-F9833E3F8312}.Release|Any CPU.ActiveCfg = Release|Any CPU
		{64093EF7-E007-4094-82BE-F9833E3F8312}.Release|Any CPU.Build.0 = Release|Any CPU
		{64093EF7-E007-4094-82BE-F9833E3F8312}.Release|x64.ActiveCfg = Release|Any CPU
		{64093EF7-E007-4094-82BE-F9833E3F8312}.Release|x64.Build.0 = Release|Any CPU
		{64093EF7-E007-4094-82BE-F9833E3F8312}.Release|x86.ActiveCfg = Release|Any CPU
		{64093EF7-E007-4094-82BE-F9833E3F8312}.Release|x86.Build.0 = Release|Any CPU
		{EAA8957F-F1B8-4B48-AF41-E0CF05D3034E}.Debug|Any CPU.ActiveCfg = Debug|Any CPU
		{EAA8957F-F1B8-4B48-AF41-E0CF05D3034E}.Debug|Any CPU.Build.0 = Debug|Any CPU
		{EAA8957F-F1B8-4B48-AF41-E0CF05D3034E}.Debug|x64.ActiveCfg = Debug|Any CPU
		{EAA8957F-F1B8-4B48-AF41-E0CF05D3034E}.Debug|x64.Build.0 = Debug|Any CPU
		{EAA8957F-F1B8-4B48-AF41-E0CF05D3034E}.Debug|x86.ActiveCfg = Debug|Any CPU
		{EAA8957F-F1B8-4B48-AF41-E0CF05D3034E}.Debug|x86.Build.0 = Debug|Any CPU
		{EAA8957F-F1B8-4B48-AF41-E0CF05D3034E}.Release|Any CPU.ActiveCfg = Release|Any CPU
		{EAA8957F-F1B8-4B48-AF41-E0CF05D3034E}.Release|Any CPU.Build.0 = Release|Any CPU
		{EAA8957F-F1B8-4B48-AF41-E0CF05D3034E}.Release|x64.ActiveCfg = Release|Any CPU
		{EAA8957F-F1B8-4B48-AF41-E0CF05D3034E}.Release|x64.Build.0 = Release|Any CPU
		{EAA8957F-F1B8-4B48-AF41-E0CF05D3034E}.Release|x86.ActiveCfg = Release|Any CPU
		{EAA8957F-F1B8-4B48-AF41-E0CF05D3034E}.Release|x86.Build.0 = Release|Any CPU
		{1673E6A4-ED93-48E0-BC05-745651BF6C32}.Debug|Any CPU.ActiveCfg = Debug|Any CPU
		{1673E6A4-ED93-48E0-BC05-745651BF6C32}.Debug|Any CPU.Build.0 = Debug|Any CPU
		{1673E6A4-ED93-48E0-BC05-745651BF6C32}.Debug|x64.ActiveCfg = Debug|Any CPU
		{1673E6A4-ED93-48E0-BC05-745651BF6C32}.Debug|x64.Build.0 = Debug|Any CPU
		{1673E6A4-ED93-48E0-BC05-745651BF6C32}.Debug|x86.ActiveCfg = Debug|Any CPU
		{1673E6A4-ED93-48E0-BC05-745651BF6C32}.Debug|x86.Build.0 = Debug|Any CPU
		{1673E6A4-ED93-48E0-BC05-745651BF6C32}.Release|Any CPU.ActiveCfg = Release|Any CPU
		{1673E6A4-ED93-48E0-BC05-745651BF6C32}.Release|Any CPU.Build.0 = Release|Any CPU
		{1673E6A4-ED93-48E0-BC05-745651BF6C32}.Release|x64.ActiveCfg = Release|Any CPU
		{1673E6A4-ED93-48E0-BC05-745651BF6C32}.Release|x64.Build.0 = Release|Any CPU
		{1673E6A4-ED93-48E0-BC05-745651BF6C32}.Release|x86.ActiveCfg = Release|Any CPU
		{1673E6A4-ED93-48E0-BC05-745651BF6C32}.Release|x86.Build.0 = Release|Any CPU
		{9937E219-AEC5-415E-9CE6-6986141367F8}.Debug|Any CPU.ActiveCfg = Debug|Any CPU
		{9937E219-AEC5-415E-9CE6-6986141367F8}.Debug|Any CPU.Build.0 = Debug|Any CPU
		{9937E219-AEC5-415E-9CE6-6986141367F8}.Debug|x64.ActiveCfg = Debug|Any CPU
		{9937E219-AEC5-415E-9CE6-6986141367F8}.Debug|x64.Build.0 = Debug|Any CPU
		{9937E219-AEC5-415E-9CE6-6986141367F8}.Debug|x86.ActiveCfg = Debug|Any CPU
		{9937E219-AEC5-415E-9CE6-6986141367F8}.Debug|x86.Build.0 = Debug|Any CPU
		{9937E219-AEC5-415E-9CE6-6986141367F8}.Release|Any CPU.ActiveCfg = Release|Any CPU
		{9937E219-AEC5-415E-9CE6-6986141367F8}.Release|Any CPU.Build.0 = Release|Any CPU
		{9937E219-AEC5-415E-9CE6-6986141367F8}.Release|x64.ActiveCfg = Release|Any CPU
		{9937E219-AEC5-415E-9CE6-6986141367F8}.Release|x64.Build.0 = Release|Any CPU
		{9937E219-AEC5-415E-9CE6-6986141367F8}.Release|x86.ActiveCfg = Release|Any CPU
		{9937E219-AEC5-415E-9CE6-6986141367F8}.Release|x86.Build.0 = Release|Any CPU
	EndGlobalSection
	GlobalSection(NestedProjects) = preSolution
		{CD20DF06-217A-48F7-A0B9-E814DABE9A42} = {CEC83FCF-2672-4003-BDA2-191BDEFA8253}
		{233E0A8E-1247-4591-B55C-CAF8CF7475CC} = {CD20DF06-217A-48F7-A0B9-E814DABE9A42}
		{D43548A5-1A2A-4B79-8B01-8AC2C4B38B1F} = {CD20DF06-217A-48F7-A0B9-E814DABE9A42}
		{8F32A7BF-22CD-45FC-9C4F-5237510D8BE4} = {D43548A5-1A2A-4B79-8B01-8AC2C4B38B1F}
		{53B6F6CE-DD28-4052-A7CD-11F418DC357C} = {8F32A7BF-22CD-45FC-9C4F-5237510D8BE4}
		{31C2BAC1-2B32-4B83-B9C5-FBE668F2002B} = {44161F2E-B72D-470F-8BC6-65ADDF4F51C6}
		{5014D123-60A7-4911-9B22-10A226528632} = {31C2BAC1-2B32-4B83-B9C5-FBE668F2002B}
		{5FE02817-B25C-4D21-AE93-CEA4405DABF6} = {44161F2E-B72D-470F-8BC6-65ADDF4F51C6}
		{2220C1FF-79CC-44E9-808E-4874AC8011D4} = {CD20DF06-217A-48F7-A0B9-E814DABE9A42}
		{8059BC39-4E56-4895-ACC2-79A7FC93F80D} = {CD20DF06-217A-48F7-A0B9-E814DABE9A42}
		{33FE1F2A-CFA5-46DF-B3F4-251E86BAC736} = {8D3DEA3A-D952-4BF1-ADAB-C0C5B48F792B}
		{7D80432A-BB34-4084-A10B-90618AE2E0C9} = {8D3DEA3A-D952-4BF1-ADAB-C0C5B48F792B}
		{64093EF7-E007-4094-82BE-F9833E3F8312} = {7ED2F4D5-701F-4E7B-AA17-84B01EFFF66F}
		{43AC2D62-7582-4F91-83C9-A20E9EBDAED7} = {7ED2F4D5-701F-4E7B-AA17-84B01EFFF66F}
		{EAA8957F-F1B8-4B48-AF41-E0CF05D3034E} = {43AC2D62-7582-4F91-83C9-A20E9EBDAED7}
		{1673E6A4-ED93-48E0-BC05-745651BF6C32} = {43AC2D62-7582-4F91-83C9-A20E9EBDAED7}
		{7C2E4755-C2D2-4603-BC22-863FD76BDF8D} = {0F4855B5-2A4C-40A3-A5C3-486F051D3DEB}
		{9937E219-AEC5-415E-9CE6-6986141367F8} = {7C2E4755-C2D2-4603-BC22-863FD76BDF8D}
	EndGlobalSection
EndGlobal
